
Microsoft Visual Studio Solution File, Format Version 12.00
# Visual Studio Version 17
VisualStudioVersion = 17.5.33502.453
MinimumVisualStudioVersion = 10.0.40219.1
Project("{FAE04EC0-301F-11D3-BF4B-00C04F79EFBC}") = "AdvancedCollections.Core", "AdvancedCollections.Core.csproj", "{5BC48951-7802-483C-A931-76A61D3868C2}"
EndProject
Project("{FAE04EC0-301F-11D3-BF4B-00C04F79EFBC}") = "AdvancedCollections.Tests", "..\AdvancedCollections.Tests\AdvancedCollections.Tests.csproj", "{2A258DB7-F26E-4A95-9E2E-D11ED8A19BF7}"
EndProject
Global
	GlobalSection(SolutionConfigurationPlatforms) = preSolution
		Debug|Any CPU = Debug|Any CPU
		Release|Any CPU = Release|Any CPU
	EndGlobalSection
	GlobalSection(ProjectConfigurationPlatforms) = postSolution
		{5BC48951-7802-483C-A931-76A61D3868C2}.Debug|Any CPU.ActiveCfg = Debug|Any CPU
		{5BC48951-7802-483C-A931-76A61D3868C2}.Debug|Any CPU.Build.0 = Debug|Any CPU
		{5BC48951-7802-483C-A931-76A61D3868C2}.Release|Any CPU.ActiveCfg = Release|Any CPU
		{5BC48951-7802-483C-A931-76A61D3868C2}.Release|Any CPU.Build.0 = Release|Any CPU
		{2A258DB7-F26E-4A95-9E2E-D11ED8A19BF7}.Debug|Any CPU.ActiveCfg = Debug|Any CPU
		{2A258DB7-F26E-4A95-9E2E-D11ED8A19BF7}.Debug|Any CPU.Build.0 = Debug|Any CPU
		{2A258DB7-F26E-4A95-9E2E-D11ED8A19BF7}.Release|Any CPU.ActiveCfg = Release|Any CPU
		{2A258DB7-F26E-4A95-9E2E-D11ED8A19BF7}.Release|Any CPU.Build.0 = Release|Any CPU
	EndGlobalSection
	GlobalSection(SolutionProperties) = preSolution
		HideSolutionNode = FALSE
	EndGlobalSection
	GlobalSection(ExtensibilityGlobals) = postSolution
		SolutionGuid = {14845CE4-1DCA-48B1-9D75-222461E1A4A3}
	EndGlobalSection
EndGlobal
